
Microsoft Visual Studio Solution File, Format Version 12.00
# Visual Studio Version 16
VisualStudioVersion = 16.0.31729.503
MinimumVisualStudioVersion = 10.0.40219.1
Project("{FAE04EC0-301F-11D3-BF4B-00C04F79EFBC}") = "WebApplicationHavingWebService", "WebApplicationHavingWebService.csproj", "{8F08EFE6-04A3-4C3B-87FE-1612E4C197CD}"
EndProject
Global
	GlobalSection(SolutionConfigurationPlatforms) = preSolution
		Debug|Any CPU = Debug|Any CPU
		Release|Any CPU = Release|Any CPU
	EndGlobalSection
	GlobalSection(ProjectConfigurationPlatforms) = postSolution
		{8F08EFE6-04A3-4C3B-87FE-1612E4C197CD}.Debug|Any CPU.ActiveCfg = Debug|Any CPU
		{8F08EFE6-04A3-4C3B-87FE-1612E4C197CD}.Debug|Any CPU.Build.0 = Debug|Any CPU
		{8F08EFE6-04A3-4C3B-87FE-1612E4C197CD}.Release|Any CPU.ActiveCfg = Release|Any CPU
		{8F08EFE6-04A3-4C3B-87FE-1612E4C197CD}.Release|Any CPU.Build.0 = Release|Any CPU
	EndGlobalSection
	GlobalSection(SolutionProperties) = preSolution
		HideSolutionNode = FALSE
	EndGlobalSection
	GlobalSection(ExtensibilityGlobals) = postSolution
		SolutionGuid = {19DAC7D0-8C1F-49AD-9B2B-CC2DA0E9F63B}
	EndGlobalSection
EndGlobal
